
Microsoft Visual Studio Solution File, Format Version 12.00
# Visual Studio Version 17
VisualStudioVersion = 17.6.33829.357
MinimumVisualStudioVersion = 10.0.40219.1
Project("{FAE04EC0-301F-11D3-BF4B-00C04F79EFBC}") = "LH_SVDroneDesyncFix", "LH_SVDroneDesyncFix\LH_SVDroneDesyncFix.csproj", "{D09410F1-78C6-463C-9BDF-9D867AC20BBA}"
EndProject
Global
	GlobalSection(SolutionConfigurationPlatforms) = preSolution
		Debug|Any CPU = Debug|Any CPU
		Release|Any CPU = Release|Any CPU
	EndGlobalSection
	GlobalSection(ProjectConfigurationPlatforms) = postSolution
		{D09410F1-78C6-463C-9BDF-9D867AC20BBA}.Debug|Any CPU.ActiveCfg = Debug|Any CPU
		{D09410F1-78C6-463C-9BDF-9D867AC20BBA}.Debug|Any CPU.Build.0 = Debug|Any CPU
		{D09410F1-78C6-463C-9BDF-9D867AC20BBA}.Release|Any CPU.ActiveCfg = Release|Any CPU
		{D09410F1-78C6-463C-9BDF-9D867AC20BBA}.Release|Any CPU.Build.0 = Release|Any CPU
	EndGlobalSection
	GlobalSection(SolutionProperties) = preSolution
		HideSolutionNode = FALSE
	EndGlobalSection
	GlobalSection(ExtensibilityGlobals) = postSolution
		SolutionGuid = {0443C4AE-1085-4CCC-B32E-F98A69B37B23}
	EndGlobalSection
EndGlobal
